
Microsoft Visual Studio Solution File, Format Version 12.00
# Visual Studio Version 17
VisualStudioVersion = 17.4.33403.182
MinimumVisualStudioVersion = 10.0.40219.1
Project("{FAE04EC0-301F-11D3-BF4B-00C04F79EFBC}") = "PTA", "PTA.csproj", "{BB40515F-8B50-43D2-9D3E-1BF7D1F9EC73}"
EndProject
Global
	GlobalSection(SolutionConfigurationPlatforms) = preSolution
		Debug|Any CPU = Debug|Any CPU
		Release|Any CPU = Release|Any CPU
	EndGlobalSection
	GlobalSection(ProjectConfigurationPlatforms) = postSolution
		{BB40515F-8B50-43D2-9D3E-1BF7D1F9EC73}.Debug|Any CPU.ActiveCfg = Debug|Any CPU
		{BB40515F-8B50-43D2-9D3E-1BF7D1F9EC73}.Debug|Any CPU.Build.0 = Debug|Any CPU
		{BB40515F-8B50-43D2-9D3E-1BF7D1F9EC73}.Release|Any CPU.ActiveCfg = Release|Any CPU
		{BB40515F-8B50-43D2-9D3E-1BF7D1F9EC73}.Release|Any CPU.Build.0 = Release|Any CPU
	EndGlobalSection
	GlobalSection(SolutionProperties) = preSolution
		HideSolutionNode = FALSE
	EndGlobalSection
	GlobalSection(ExtensibilityGlobals) = postSolution
		SolutionGuid = {062907A1-41BB-4525-ADD0-C4145C624897}
	EndGlobalSection
EndGlobal
